
Microsoft Visual Studio Solution File, Format Version 12.00
# Visual Studio Version 17
VisualStudioVersion = 17.0.31903.59
MinimumVisualStudioVersion = 10.0.40219.1
Project("{9A19103F-16F7-4668-BE54-9A1E7A4F7556}") = "Benday.JsonUtilities", "Benday.JsonUtilities\Benday.JsonUtilities.csproj", "{17139AF2-AEF9-4E11-BF53-18E41BA6D71E}"
EndProject
Project("{9A19103F-16F7-4668-BE54-9A1E7A4F7556}") = "Benday.JsonUtilities.UnitTests", "Benday.JsonUtilities.UnitTests\Benday.JsonUtilities.UnitTests.csproj", "{B89C8869-85E9-4184-85F4-BD4BA43DAAA5}"
EndProject
Project("{2150E333-8FDC-42A3-9474-1A3956D46DE8}") = "Solution Items", "Solution Items", "{42782A95-8B1F-4923-A774-F535E17415DF}"
	ProjectSection(SolutionItems) = preProject
		.editorconfig = .editorconfig
		bdc_mark_128_128.png = bdc_mark_128_128.png
		LICENSE = LICENSE
		README.md = README.md
	EndProjectSection
EndProject
Global
	GlobalSection(SolutionConfigurationPlatforms) = preSolution
		Debug|Any CPU = Debug|Any CPU
		Release|Any CPU = Release|Any CPU
	EndGlobalSection
	GlobalSection(ProjectConfigurationPlatforms) = postSolution
		{17139AF2-AEF9-4E11-BF53-18E41BA6D71E}.Debug|Any CPU.ActiveCfg = Debug|Any CPU
		{17139AF2-AEF9-4E11-BF53-18E41BA6D71E}.Debug|Any CPU.Build.0 = Debug|Any CPU
		{17139AF2-AEF9-4E11-BF53-18E41BA6D71E}.Release|Any CPU.ActiveCfg = Release|Any CPU
		{17139AF2-AEF9-4E11-BF53-18E41BA6D71E}.Release|Any CPU.Build.0 = Release|Any CPU
		{B89C8869-85E9-4184-85F4-BD4BA43DAAA5}.Debug|Any CPU.ActiveCfg = Debug|Any CPU
		{B89C8869-85E9-4184-85F4-BD4BA43DAAA5}.Debug|Any CPU.Build.0 = Debug|Any CPU
		{B89C8869-85E9-4184-85F4-BD4BA43DAAA5}.Release|Any CPU.ActiveCfg = Release|Any CPU
		{B89C8869-85E9-4184-85F4-BD4BA43DAAA5}.Release|Any CPU.Build.0 = Release|Any CPU
	EndGlobalSection
	GlobalSection(SolutionProperties) = preSolution
		HideSolutionNode = FALSE
	EndGlobalSection
	GlobalSection(ExtensibilityGlobals) = postSolution
		SolutionGuid = {78A83299-7329-439C-813C-D966502A0008}
	EndGlobalSection
EndGlobal
